
Microsoft Visual Studio Solution File, Format Version 12.00
# Visual Studio Version 17
VisualStudioVersion = 17.0.31903.59
MinimumVisualStudioVersion = 10.0.40219.1
Project("{2150E333-8FDC-42A3-9474-1A3956D46DE8}") = "Services", "Services", "{5854FF58-B8C5-05C6-5BF2-ACE42193F22B}"
EndProject
Project("{2150E333-8FDC-42A3-9474-1A3956D46DE8}") = "Sales", "Sales", "{00D5FA09-9A52-E7D4-27A8-8813305D18EB}"
EndProject
Project("{FAE04EC0-301F-11D3-BF4B-00C04F79EFBC}") = "Sales.Domain", "src\Services\Sales\Sales.Domain\Sales.Domain.csproj", "{14C8A95C-44ED-4099-A800-871F96E24149}"
EndProject
Project("{FAE04EC0-301F-11D3-BF4B-00C04F79EFBC}") = "Sales.Application", "src\Services\Sales\Sales.Application\Sales.Application.csproj", "{6B31ADA0-BDBD-441D-BFA7-D2124A688FBE}"
EndProject
Project("{FAE04EC0-301F-11D3-BF4B-00C04F79EFBC}") = "Sales.Infrastructure", "src\Services\Sales\Sales.Infrastructure\Sales.Infrastructure.csproj", "{55B0EE29-950E-4CC0-BD4C-DBF912223432}"
EndProject
Project("{FAE04EC0-301F-11D3-BF4B-00C04F79EFBC}") = "Sales.Api", "src\Services\Sales\Sales.Api\Sales.Api.csproj", "{010EF4FA-4D9C-416C-84F2-E368992B7855}"
EndProject
Project("{2150E333-8FDC-42A3-9474-1A3956D46DE8}") = "Inventory", "Inventory", "{E968773F-A3F0-8B5A-CFB8-BE121AA8E63F}"
EndProject
Project("{FAE04EC0-301F-11D3-BF4B-00C04F79EFBC}") = "Inventory.Domain", "src\Services\Inventory\Inventory.Domain\Inventory.Domain.csproj", "{B89B9700-686C-4CDE-9295-AAF0A318DB1C}"
EndProject
Project("{FAE04EC0-301F-11D3-BF4B-00C04F79EFBC}") = "Inventory.Application", "src\Services\Inventory\Inventory.Application\Inventory.Application.csproj", "{A7593602-87EE-4F7B-8F7C-344AC2390948}"
EndProject
Project("{FAE04EC0-301F-11D3-BF4B-00C04F79EFBC}") = "Inventory.Infrastructure", "src\Services\Inventory\Inventory.Infrastructure\Inventory.Infrastructure.csproj", "{71FFC0C5-1D7E-43F7-8E0B-BD9E9756475C}"
EndProject
Project("{FAE04EC0-301F-11D3-BF4B-00C04F79EFBC}") = "Inventory.Api", "src\Services\Inventory\Inventory.Api\Inventory.Api.csproj", "{FA589D31-E2B9-4213-B622-AD980034AA8B}"
EndProject
Project("{2150E333-8FDC-42A3-9474-1A3956D46DE8}") = "AuditLog", "AuditLog", "{9267D06B-34F6-3113-DEB6-ADBE687415B8}"
EndProject
Project("{FAE04EC0-301F-11D3-BF4B-00C04F79EFBC}") = "AuditLog.Infrastructure", "src\Services\AuditLog\AuditLog.Infrastructure\AuditLog.Infrastructure.csproj", "{92527395-18C7-41C7-BED6-7AF8E6057E51}"
EndProject
Project("{FAE04EC0-301F-11D3-BF4B-00C04F79EFBC}") = "AuditLog.Worker", "src\Services\AuditLog\AuditLog.Worker\AuditLog.Worker.csproj", "{53180E58-011C-4FE0-9277-1D2433B7C395}"
EndProject
Project("{2150E333-8FDC-42A3-9474-1A3956D46DE8}") = "Tests", "Tests", "{0AB3BF05-4346-4AA6-1389-037BE0695223}"
EndProject
Project("{FAE04EC0-301F-11D3-BF4B-00C04F79EFBC}") = "Sales.Domain.Tests", "tests\Sales.Domain.Tests\Sales.Domain.Tests.csproj", "{61BD31DF-2AD1-4F81-B4C9-675668782290}"
EndProject
Project("{FAE04EC0-301F-11D3-BF4B-00C04F79EFBC}") = "Sales.Application.Tests", "tests\Sales.Application.Tests\Sales.Application.Tests.csproj", "{DBAA7EA4-EE47-400D-B46A-49ABDAAEB1DC}"
EndProject
Project("{FAE04EC0-301F-11D3-BF4B-00C04F79EFBC}") = "Inventory.Tests", "tests\Inventory.Tests\Inventory.Tests.csproj", "{ACFBDC0A-E7DD-45CF-A680-FAFE5224DA3A}"
EndProject
Project("{FAE04EC0-301F-11D3-BF4B-00C04F79EFBC}") = "AuditLog.Tests", "tests\AuditLog.Tests\AuditLog.Tests.csproj", "{8DB96FDF-6546-4C75-80F2-3FE3A06C3FF0}"
EndProject
Project("{FAE04EC0-301F-11D3-BF4B-00C04F79EFBC}") = "Sales.Architecture.Tests", "tests\Sales.Architecture.Tests\Sales.Architecture.Tests.csproj", "{F253671E-CA9E-4461-8702-38ABFCFBCA58}"
EndProject
Project("{FAE04EC0-301F-11D3-BF4B-00C04F79EFBC}") = "Sales.Infrastructure.Tests", "tests\Sales.Infrastructure.Tests\Sales.Infrastructure.Tests.csproj", "{4870728F-151A-4D1A-A7BB-27038AF1C5FF}"
EndProject
Project("{FAE04EC0-301F-11D3-BF4B-00C04F79EFBC}") = "Inventory.Infrastructure.Tests", "tests\Inventory.Infrastructure.Tests\Inventory.Infrastructure.Tests.csproj", "{A1D7A1B2-F1D3-4E7D-96E0-43D9DB7FD053}"
EndProject
Project("{2150E333-8FDC-42A3-9474-1A3956D46DE8}") = "src", "src", "{827E0CD3-B72D-47B6-A68D-7590B98EB39B}"
EndProject
Project("{2150E333-8FDC-42A3-9474-1A3956D46DE8}") = "Shared", "Shared", "{C8E42992-5E42-0C2B-DBFE-AA848D06431C}"
EndProject
Project("{FAE04EC0-301F-11D3-BF4B-00C04F79EFBC}") = "BuildingBlocks.Contracts", "src\Shared\BuildingBlocks.Contracts\BuildingBlocks.Contracts.csproj", "{5C308655-E614-4199-AA6F-27D09221599E}"
EndProject
Project("{FAE04EC0-301F-11D3-BF4B-00C04F79EFBC}") = "BuildingBlocks.Web", "src\Shared\BuildingBlocks.Web\BuildingBlocks.Web.csproj", "{C13E0BB2-1B5E-40E9-8950-F843693DBB07}"
EndProject
Project("{FAE04EC0-301F-11D3-BF4B-00C04F79EFBC}") = "BuildingBlocks.Infrastructure", "src\Shared\BuildingBlocks.Infrastructure\BuildingBlocks.Infrastructure.csproj", "{C477119A-BB41-464C-BA99-C8F42DE2BC81}"
EndProject
Project("{FAE04EC0-301F-11D3-BF4B-00C04F79EFBC}") = "BuildingBlocks.Web.Tests", "tests\BuildingBlocks.Web.Tests\BuildingBlocks.Web.Tests.csproj", "{E9C4D2BD-818C-4CCD-8338-105467372B5E}"
EndProject
Project("{FAE04EC0-301F-11D3-BF4B-00C04F79EFBC}") = "Inventory.Api.Tests", "tests\Inventory.Api.Tests\Inventory.Api.Tests.csproj", "{15C35680-CCBC-4969-9E5D-13CA8632DB6A}"
EndProject
Project("{FAE04EC0-301F-11D3-BF4B-00C04F79EFBC}") = "Sales.Api.Tests", "tests\Sales.Api.Tests\Sales.Api.Tests.csproj", "{541111EC-41EB-4331-BCC6-2CD4FB617147}"
EndProject
Project("{FAE04EC0-301F-11D3-BF4B-00C04F79EFBC}") = "BuildingBlocks.Domain", "src\Shared\BuildingBlocks.Domain\BuildingBlocks.Domain.csproj", "{EA4A5244-39F1-4914-B339-66A54D6523AB}"
EndProject
Project("{FAE04EC0-301F-11D3-BF4B-00C04F79EFBC}") = "BuildingBlocks.Application", "src\Shared\BuildingBlocks.Application\BuildingBlocks.Application.csproj", "{2E524724-1CCF-4D2B-B08C-514A92A81794}"
EndProject
Project("{FAE04EC0-301F-11D3-BF4B-00C04F79EFBC}") = "BuildingBlocks.Contracts.Tests", "tests\BuildingBlocks.Contracts.Tests\BuildingBlocks.Contracts.Tests.csproj", "{FD3CA9B1-FB45-474A-B094-1F5D2BE6E1C1}"
EndProject
Project("{FAE04EC0-301F-11D3-BF4B-00C04F79EFBC}") = "BuildingBlocks.Infrastructure.Tests", "tests\BuildingBlocks.Infrastructure.Tests\BuildingBlocks.Infrastructure.Tests.csproj", "{7D49BBA7-1B0F-44CE-8472-D29C6FCEF409}"
EndProject
Global
	GlobalSection(SolutionConfigurationPlatforms) = preSolution
		Debug|Any CPU = Debug|Any CPU
		Debug|x64 = Debug|x64
		Debug|x86 = Debug|x86
		Release|Any CPU = Release|Any CPU
		Release|x64 = Release|x64
		Release|x86 = Release|x86
	EndGlobalSection
	GlobalSection(ProjectConfigurationPlatforms) = postSolution
		{14C8A95C-44ED-4099-A800-871F96E24149}.Debug|Any CPU.ActiveCfg = Debug|Any CPU
		{14C8A95C-44ED-4099-A800-871F96E24149}.Debug|Any CPU.Build.0 = Debug|Any CPU
		{14C8A95C-44ED-4099-A800-871F96E24149}.Debug|x64.ActiveCfg = Debug|Any CPU
		{14C8A95C-44ED-4099-A800-871F96E24149}.Debug|x64.Build.0 = Debug|Any CPU
		{14C8A95C-44ED-4099-A800-871F96E24149}.Debug|x86.ActiveCfg = Debug|Any CPU
		{14C8A95C-44ED-4099-A800-871F96E24149}.Debug|x86.Build.0 = Debug|Any CPU
		{14C8A95C-44ED-4099-A800-871F96E24149}.Release|Any CPU.ActiveCfg = Release|Any CPU
		{14C8A95C-44ED-4099-A800-871F96E24149}.Release|Any CPU.Build.0 = Release|Any CPU
		{14C8A95C-44ED-4099-A800-871F96E24149}.Release|x64.ActiveCfg = Release|Any CPU
		{14C8A95C-44ED-4099-A800-871F96E24149}.Release|x64.Build.0 = Release|Any CPU
		{14C8A95C-44ED-4099-A800-871F96E24149}.Release|x86.ActiveCfg = Release|Any CPU
		{14C8A95C-44ED-4099-A800-871F96E24149}.Release|x86.Build.0 = Release|Any CPU
		{6B31ADA0-BDBD-441D-BFA7-D2124A688FBE}.Debug|Any CPU.ActiveCfg = Debug|Any CPU
		{6B31ADA0-BDBD-441D-BFA7-D2124A688FBE}.Debug|Any CPU.Build.0 = Debug|Any CPU
		{6B31ADA0-BDBD-441D-BFA7-D2124A688FBE}.Debug|x64.ActiveCfg = Debug|Any CPU
		{6B31ADA0-BDBD-441D-BFA7-D2124A688FBE}.Debug|x64.Build.0 = Debug|Any CPU
		{6B31ADA0-BDBD-441D-BFA7-D2124A688FBE}.Debug|x86.ActiveCfg = Debug|Any CPU
		{6B31ADA0-BDBD-441D-BFA7-D2124A688FBE}.Debug|x86.Build.0 = Debug|Any CPU
		{6B31ADA0-BDBD-441D-BFA7-D2124A688FBE}.Release|Any CPU.ActiveCfg = Release|Any CPU
		{6B31ADA0-BDBD-441D-BFA7-D2124A688FBE}.Release|Any CPU.Build.0 = Release|Any CPU
		{6B31ADA0-BDBD-441D-BFA7-D2124A688FBE}.Release|x64.ActiveCfg = Release|Any CPU
		{6B31ADA0-BDBD-441D-BFA7-D2124A688FBE}.Release|x64.Build.0 = Release|Any CPU
		{6B31ADA0-BDBD-441D-BFA7-D2124A688FBE}.Release|x86.ActiveCfg = Release|Any CPU
		{6B31ADA0-BDBD-441D-BFA7-D2124A688FBE}.Release|x86.Build.0 = Release|Any CPU
		{55B0EE29-950E-4CC0-BD4C-DBF912223432}.Debug|Any CPU.ActiveCfg = Debug|Any CPU
		{55B0EE29-950E-4CC0-BD4C-DBF912223432}.Debug|Any CPU.Build.0 = Debug|Any CPU
		{55B0EE29-950E-4CC0-BD4C-DBF912223432}.Debug|x64.ActiveCfg = Debug|Any CPU
		{55B0EE29-950E-4CC0-BD4C-DBF912223432}.Debug|x64.Build.0 = Debug|Any CPU
		{55B0EE29-950E-4CC0-BD4C-DBF912223432}.Debug|x86.ActiveCfg = Debug|Any CPU
		{55B0EE29-950E-4CC0-BD4C-DBF912223432}.Debug|x86.Build.0 = Debug|Any CPU
		{55B0EE29-950E-4CC0-BD4C-DBF912223432}.Release|Any CPU.ActiveCfg = Release|Any CPU
		{55B0EE29-950E-4CC0-BD4C-DBF912223432}.Release|Any CPU.Build.0 = Release|Any CPU
		{55B0EE29-950E-4CC0-BD4C-DBF912223432}.Release|x64.ActiveCfg = Release|Any CPU
		{55B0EE29-950E-4CC0-BD4C-DBF912223432}.Release|x64.Build.0 = Release|Any CPU
		{55B0EE29-950E-4CC0-BD4C-DBF912223432}.Release|x86.ActiveCfg = Release|Any CPU
		{55B0EE29-950E-4CC0-BD4C-DBF912223432}.Release|x86.Build.0 = Release|Any CPU
		{010EF4FA-4D9C-416C-84F2-E368992B7855}.Debug|Any CPU.ActiveCfg = Debug|Any CPU
		{010EF4FA-4D9C-416C-84F2-E368992B7855}.Debug|Any CPU.Build.0 = Debug|Any CPU
		{010EF4FA-4D9C-416C-84F2-E368992B7855}.Debug|x64.ActiveCfg = Debug|Any CPU
		{010EF4FA-4D9C-416C-84F2-E368992B7855}.Debug|x64.Build.0 = Debug|Any CPU
		{010EF4FA-4D9C-416C-84F2-E368992B7855}.Debug|x86.ActiveCfg = Debug|Any CPU
		{010EF4FA-4D9C-416C-84F2-E368992B7855}.Debug|x86.Build.0 = Debug|Any CPU
		{010EF4FA-4D9C-416C-84F2-E368992B7855}.Release|Any CPU.ActiveCfg = Release|Any CPU
		{010EF4FA-4D9C-416C-84F2-E368992B7855}.Release|Any CPU.Build.0 = Release|Any CPU
		{010EF4FA-4D9C-416C-84F2-E368992B7855}.Release|x64.ActiveCfg = Release|Any CPU
		{010EF4FA-4D9C-416C-84F2-E368992B7855}.Release|x64.Build.0 = Release|Any CPU
		{010EF4FA-4D9C-416C-84F2-E368992B7855}.Release|x86.ActiveCfg = Release|Any CPU
		{010EF4FA-4D9C-416C-84F2-E368992B7855}.Release|x86.Build.0 = Release|Any CPU
		{B89B9700-686C-4CDE-9295-AAF0A318DB1C}.Debug|Any CPU.ActiveCfg = Debug|Any CPU
		{B89B9700-686C-4CDE-9295-AAF0A318DB1C}.Debug|Any CPU.Build.0 = Debug|Any CPU
		{B89B9700-686C-4CDE-9295-AAF0A318DB1C}.Debug|x64.ActiveCfg = Debug|Any CPU
		{B89B9700-686C-4CDE-9295-AAF0A318DB1C}.Debug|x64.Build.0 = Debug|Any CPU
		{B89B9700-686C-4CDE-9295-AAF0A318DB1C}.Debug|x86.ActiveCfg = Debug|Any CPU
		{B89B9700-686C-4CDE-9295-AAF0A318DB1C}.Debug|x86.Build.0 = Debug|Any CPU
		{B89B9700-686C-4CDE-9295-AAF0A318DB1C}.Release|Any CPU.ActiveCfg = Release|Any CPU
		{B89B9700-686C-4CDE-9295-AAF0A318DB1C}.Release|Any CPU.Build.0 = Release|Any CPU
		{B89B9700-686C-4CDE-9295-AAF0A318DB1C}.Release|x64.ActiveCfg = Release|Any CPU
		{B89B9700-686C-4CDE-9295-AAF0A318DB1C}.Release|x64.Build.0 = Release|Any CPU
		{B89B9700-686C-4CDE-9295-AAF0A318DB1C}.Release|x86.ActiveCfg = Release|Any CPU
		{B89B9700-686C-4CDE-9295-AAF0A318DB1C}.Release|x86.Build.0 = Release|Any CPU
		{A7593602-87EE-4F7B-8F7C-344AC2390948}.Debug|Any CPU.ActiveCfg = Debug|Any CPU
		{A7593602-87EE-4F7B-8F7C-344AC2390948}.Debug|Any CPU.Build.0 = Debug|Any CPU
		{A7593602-87EE-4F7B-8F7C-344AC2390948}.Debug|x64.ActiveCfg = Debug|Any CPU
		{A7593602-87EE-4F7B-8F7C-344AC2390948}.Debug|x64.Build.0 = Debug|Any CPU
		{A7593602-87EE-4F7B-8F7C-344AC2390948}.Debug|x86.ActiveCfg = Debug|Any CPU
		{A7593602-87EE-4F7B-8F7C-344AC2390948}.Debug|x86.Build.0 = Debug|Any CPU
		{A7593602-87EE-4F7B-8F7C-344AC2390948}.Release|Any CPU.ActiveCfg = Release|Any CPU
		{A7593602-87EE-4F7B-8F7C-344AC2390948}.Release|Any CPU.Build.0 = Release|Any CPU
		{A7593602-87EE-4F7B-8F7C-344AC2390948}.Release|x64.ActiveCfg = Release|Any CPU
		{A7593602-87EE-4F7B-8F7C-344AC2390948}.Release|x64.Build.0 = Release|Any CPU
		{A7593602-87EE-4F7B-8F7C-344AC2390948}.Release|x86.ActiveCfg = Release|Any CPU
		{A7593602-87EE-4F7B-8F7C-344AC2390948}.Release|x86.Build.0 = Release|Any CPU
		{71FFC0C5-1D7E-43F7-8E0B-BD9E9756475C}.Debug|Any CPU.ActiveCfg = Debug|Any CPU
		{71FFC0C5-1D7E-43F7-8E0B-BD9E9756475C}.Debug|Any CPU.Build.0 = Debug|Any CPU
		{71FFC0C5-1D7E-43F7-8E0B-BD9E9756475C}.Debug|x64.ActiveCfg = Debug|Any CPU
		{71FFC0C5-1D7E-43F7-8E0B-BD9E9756475C}.Debug|x64.Build.0 = Debug|Any CPU
		{71FFC0C5-1D7E-43F7-8E0B-BD9E9756475C}.Debug|x86.ActiveCfg = Debug|Any CPU
		{71FFC0C5-1D7E-43F7-8E0B-BD9E9756475C}.Debug|x86.Build.0 = Debug|Any CPU
		{71FFC0C5-1D7E-43F7-8E0B-BD9E9756475C}.Release|Any CPU.ActiveCfg = Release|Any CPU
		{71FFC0C5-1D7E-43F7-8E0B-BD9E9756475C}.Release|Any CPU.Build.0 = Release|Any CPU
		{71FFC0C5-1D7E-43F7-8E0B-BD9E9756475C}.Release|x64.ActiveCfg = Release|Any CPU
		{71FFC0C5-1D7E-43F7-8E0B-BD9E9756475C}.Release|x64.Build.0 = Release|Any CPU
		{71FFC0C5-1D7E-43F7-8E0B-BD9E9756475C}.Release|x86.ActiveCfg = Release|Any CPU
		{71FFC0C5-1D7E-43F7-8E0B-BD9E9756475C}.Release|x86.Build.0 = Release|Any CPU
		{FA589D31-E2B9-4213-B622-AD980034AA8B}.Debug|Any CPU.ActiveCfg = Debug|Any CPU
		{FA589D31-E2B9-4213-B622-AD980034AA8B}.Debug|Any CPU.Build.0 = Debug|Any CPU
		{FA589D31-E2B9-4213-B622-AD980034AA8B}.Debug|x64.ActiveCfg = Debug|Any CPU
		{FA589D31-E2B9-4213-B622-AD980034AA8B}.Debug|x64.Build.0 = Debug|Any CPU
		{FA589D31-E2B9-4213-B622-AD980034AA8B}.Debug|x86.ActiveCfg = Debug|Any CPU
		{FA589D31-E2B9-4213-B622-AD980034AA8B}.Debug|x86.Build.0 = Debug|Any CPU
		{FA589D31-E2B9-4213-B622-AD980034AA8B}.Release|Any CPU.ActiveCfg = Release|Any CPU
		{FA589D31-E2B9-4213-B622-AD980034AA8B}.Release|Any CPU.Build.0 = Release|Any CPU
		{FA589D31-E2B9-4213-B622-AD980034AA8B}.Release|x64.ActiveCfg = Release|Any CPU
		{FA589D31-E2B9-4213-B622-AD980034AA8B}.Release|x64.Build.0 = Release|Any CPU
		{FA589D31-E2B9-4213-B622-AD980034AA8B}.Release|x86.ActiveCfg = Release|Any CPU
		{FA589D31-E2B9-4213-B622-AD980034AA8B}.Release|x86.Build.0 = Release|Any CPU
		{92527395-18C7-41C7-BED6-7AF8E6057E51}.Debug|Any CPU.ActiveCfg = Debug|Any CPU
		{92527395-18C7-41C7-BED6-7AF8E6057E51}.Debug|Any CPU.Build.0 = Debug|Any CPU
		{92527395-18C7-41C7-BED6-7AF8E6057E51}.Debug|x64.ActiveCfg = Debug|Any CPU
		{92527395-18C7-41C7-BED6-7AF8E6057E51}.Debug|x64.Build.0 = Debug|Any CPU
		{92527395-18C7-41C7-BED6-7AF8E6057E51}.Debug|x86.ActiveCfg = Debug|Any CPU
		{92527395-18C7-41C7-BED6-7AF8E6057E51}.Debug|x86.Build.0 = Debug|Any CPU
		{92527395-18C7-41C7-BED6-7AF8E6057E51}.Release|Any CPU.ActiveCfg = Release|Any CPU
		{92527395-18C7-41C7-BED6-7AF8E6057E51}.Release|Any CPU.Build.0 = Release|Any CPU
		{92527395-18C7-41C7-BED6-7AF8E6057E51}.Release|x64.ActiveCfg = Release|Any CPU
		{92527395-18C7-41C7-BED6-7AF8E6057E51}.Release|x64.Build.0 = Release|Any CPU
		{92527395-18C7-41C7-BED6-7AF8E6057E51}.Release|x86.ActiveCfg = Release|Any CPU
		{92527395-18C7-41C7-BED6-7AF8E6057E51}.Release|x86.Build.0 = Release|Any CPU
		{53180E58-011C-4FE0-9277-1D2433B7C395}.Debug|Any CPU.ActiveCfg = Debug|Any CPU
		{53180E58-011C-4FE0-9277-1D2433B7C395}.Debug|Any CPU.Build.0 = Debug|Any CPU
		{53180E58-011C-4FE0-9277-1D2433B7C395}.Debug|x64.ActiveCfg = Debug|Any CPU
		{53180E58-011C-4FE0-9277-1D2433B7C395}.Debug|x64.Build.0 = Debug|Any CPU
		{53180E58-011C-4FE0-9277-1D2433B7C395}.Debug|x86.ActiveCfg = Debug|Any CPU
		{53180E58-011C-4FE0-9277-1D2433B7C395}.Debug|x86.Build.0 = Debug|Any CPU
		{53180E58-011C-4FE0-9277-1D2433B7C395}.Release|Any CPU.ActiveCfg = Release|Any CPU
		{53180E58-011C-4FE0-9277-1D2433B7C395}.Release|Any CPU.Build.0 = Release|Any CPU
		{53180E58-011C-4FE0-9277-1D2433B7C395}.Release|x64.ActiveCfg = Release|Any CPU
		{53180E58-011C-4FE0-9277-1D2433B7C395}.Release|x64.Build.0 = Release|Any CPU
		{53180E58-011C-4FE0-9277-1D2433B7C395}.Release|x86.ActiveCfg = Release|Any CPU
		{53180E58-011C-4FE0-9277-1D2433B7C395}.Release|x86.Build.0 = Release|Any CPU
		{61BD31DF-2AD1-4F81-B4C9-675668782290}.Debug|Any CPU.ActiveCfg = Debug|Any CPU
		{61BD31DF-2AD1-4F81-B4C9-675668782290}.Debug|Any CPU.Build.0 = Debug|Any CPU
		{61BD31DF-2AD1-4F81-B4C9-675668782290}.Debug|x64.ActiveCfg = Debug|Any CPU
		{61BD31DF-2AD1-4F81-B4C9-675668782290}.Debug|x64.Build.0 = Debug|Any CPU
		{61BD31DF-2AD1-4F81-B4C9-675668782290}.Debug|x86.ActiveCfg = Debug|Any CPU
		{61BD31DF-2AD1-4F81-B4C9-675668782290}.Debug|x86.Build.0 = Debug|Any CPU
		{61BD31DF-2AD1-4F81-B4C9-675668782290}.Release|Any CPU.ActiveCfg = Release|Any CPU
		{61BD31DF-2AD1-4F81-B4C9-675668782290}.Release|Any CPU.Build.0 = Release|Any CPU
		{61BD31DF-2AD1-4F81-B4C9-675668782290}.Release|x64.ActiveCfg = Release|Any CPU
		{61BD31DF-2AD1-4F81-B4C9-675668782290}.Release|x64.Build.0 = Release|Any CPU
		{61BD31DF-2AD1-4F81-B4C9-675668782290}.Release|x86.ActiveCfg = Release|Any CPU
		{61BD31DF-2AD1-4F81-B4C9-675668782290}.Release|x86.Build.0 = Release|Any CPU
		{DBAA7EA4-EE47-400D-B46A-49ABDAAEB1DC}.Debug|Any CPU.ActiveCfg = Debug|Any CPU
		{DBAA7EA4-EE47-400D-B46A-49ABDAAEB1DC}.Debug|Any CPU.Build.0 = Debug|Any CPU
		{DBAA7EA4-EE47-400D-B46A-49ABDAAEB1DC}.Debug|x64.ActiveCfg = Debug|Any CPU
		{DBAA7EA4-EE47-400D-B46A-49ABDAAEB1DC}.Debug|x64.Build.0 = Debug|Any CPU
		{DBAA7EA4-EE47-400D-B46A-49ABDAAEB1DC}.Debug|x86.ActiveCfg = Debug|Any CPU
		{DBAA7EA4-EE47-400D-B46A-49ABDAAEB1DC}.Debug|x86.Build.0 = Debug|Any CPU
		{DBAA7EA4-EE47-400D-B46A-49ABDAAEB1DC}.Release|Any CPU.ActiveCfg = Release|Any CPU
		{DBAA7EA4-EE47-400D-B46A-49ABDAAEB1DC}.Release|Any CPU.Build.0 = Release|Any CPU
		{DBAA7EA4-EE47-400D-B46A-49ABDAAEB1DC}.Release|x64.ActiveCfg = Release|Any CPU
		{DBAA7EA4-EE47-400D-B46A-49ABDAAEB1DC}.Release|x64.Build.0 = Release|Any CPU
		{DBAA7EA4-EE47-400D-B46A-49ABDAAEB1DC}.Release|x86.ActiveCfg = Release|Any CPU
		{DBAA7EA4-EE47-400D-B46A-49ABDAAEB1DC}.Release|x86.Build.0 = Release|Any CPU
		{ACFBDC0A-E7DD-45CF-A680-FAFE5224DA3A}.Debug|Any CPU.ActiveCfg = Debug|Any CPU
		{ACFBDC0A-E7DD-45CF-A680-FAFE5224DA3A}.Debug|Any CPU.Build.0 = Debug|Any CPU
		{ACFBDC0A-E7DD-45CF-A680-FAFE5224DA3A}.Debug|x64.ActiveCfg = Debug|Any CPU
		{ACFBDC0A-E7DD-45CF-A680-FAFE5224DA3A}.Debug|x64.Build.0 = Debug|Any CPU
		{ACFBDC0A-E7DD-45CF-A680-FAFE5224DA3A}.Debug|x86.ActiveCfg = Debug|Any CPU
		{ACFBDC0A-E7DD-45CF-A680-FAFE5224DA3A}.Debug|x86.Build.0 = Debug|Any CPU
		{ACFBDC0A-E7DD-45CF-A680-FAFE5224DA3A}.Release|Any CPU.ActiveCfg = Release|Any CPU
		{ACFBDC0A-E7DD-45CF-A680-FAFE5224DA3A}.Release|Any CPU.Build.0 = Release|Any CPU
		{ACFBDC0A-E7DD-45CF-A680-FAFE5224DA3A}.Release|x64.ActiveCfg = Release|Any CPU
		{ACFBDC0A-E7DD-45CF-A680-FAFE5224DA3A}.Release|x64.Build.0 = Release|Any CPU
		{ACFBDC0A-E7DD-45CF-A680-FAFE5224DA3A}.Release|x86.ActiveCfg = Release|Any CPU
		{ACFBDC0A-E7DD-45CF-A680-FAFE5224DA3A}.Release|x86.Build.0 = Release|Any CPU
		{8DB96FDF-6546-4C75-80F2-3FE3A06C3FF0}.Debug|Any CPU.ActiveCfg = Debug|Any CPU
		{8DB96FDF-6546-4C75-80F2-3FE3A06C3FF0}.Debug|Any CPU.Build.0 = Debug|Any CPU
		{8DB96FDF-6546-4C75-80F2-3FE3A06C3FF0}.Debug|x64.ActiveCfg = Debug|Any CPU
		{8DB96FDF-6546-4C75-80F2-3FE3A06C3FF0}.Debug|x64.Build.0 = Debug|Any CPU
		{8DB96FDF-6546-4C75-80F2-3FE3A06C3FF0}.Debug|x86.ActiveCfg = Debug|Any CPU
		{8DB96FDF-6546-4C75-80F2-3FE3A06C3FF0}.Debug|x86.Build.0 = Debug|Any CPU
		{8DB96FDF-6546-4C75-80F2-3FE3A06C3FF0}.Release|Any CPU.ActiveCfg = Release|Any CPU
		{8DB96FDF-6546-4C75-80F2-3FE3A06C3FF0}.Release|Any CPU.Build.0 = Release|Any CPU
		{8DB96FDF-6546-4C75-80F2-3FE3A06C3FF0}.Release|x64.ActiveCfg = Release|Any CPU
		{8DB96FDF-6546-4C75-80F2-3FE3A06C3FF0}.Release|x64.Build.0 = Release|Any CPU
		{8DB96FDF-6546-4C75-80F2-3FE3A06C3FF0}.Release|x86.ActiveCfg = Release|Any CPU
		{8DB96FDF-6546-4C75-80F2-3FE3A06C3FF0}.Release|x86.Build.0 = Release|Any CPU
		{F253671E-CA9E-4461-8702-38ABFCFBCA58}.Debug|Any CPU.ActiveCfg = Debug|Any CPU
		{F253671E-CA9E-4461-8702-38ABFCFBCA58}.Debug|Any CPU.Build.0 = Debug|Any CPU
		{F253671E-CA9E-4461-8702-38ABFCFBCA58}.Debug|x64.ActiveCfg = Debug|Any CPU
		{F253671E-CA9E-4461-8702-38ABFCFBCA58}.Debug|x64.Build.0 = Debug|Any CPU
		{F253671E-CA9E-4461-8702-38ABFCFBCA58}.Debug|x86.ActiveCfg = Debug|Any CPU
		{F253671E-CA9E-4461-8702-38ABFCFBCA58}.Debug|x86.Build.0 = Debug|Any CPU
		{F253671E-CA9E-4461-8702-38ABFCFBCA58}.Release|Any CPU.ActiveCfg = Release|Any CPU
		{F253671E-CA9E-4461-8702-38ABFCFBCA58}.Release|Any CPU.Build.0 = Release|Any CPU
		{F253671E-CA9E-4461-8702-38ABFCFBCA58}.Release|x64.ActiveCfg = Release|Any CPU
		{F253671E-CA9E-4461-8702-38ABFCFBCA58}.Release|x64.Build.0 = Release|Any CPU
		{F253671E-CA9E-4461-8702-38ABFCFBCA58}.Release|x86.ActiveCfg = Release|Any CPU
		{F253671E-CA9E-4461-8702-38ABFCFBCA58}.Release|x86.Build.0 = Release|Any CPU
		{4870728F-151A-4D1A-A7BB-27038AF1C5FF}.Debug|Any CPU.ActiveCfg = Debug|Any CPU
		{4870728F-151A-4D1A-A7BB-27038AF1C5FF}.Debug|Any CPU.Build.0 = Debug|Any CPU
		{4870728F-151A-4D1A-A7BB-27038AF1C5FF}.Debug|x64.ActiveCfg = Debug|Any CPU
		{4870728F-151A-4D1A-A7BB-27038AF1C5FF}.Debug|x64.Build.0 = Debug|Any CPU
		{4870728F-151A-4D1A-A7BB-27038AF1C5FF}.Debug|x86.ActiveCfg = Debug|Any CPU
		{4870728F-151A-4D1A-A7BB-27038AF1C5FF}.Debug|x86.Build.0 = Debug|Any CPU
		{4870728F-151A-4D1A-A7BB-27038AF1C5FF}.Release|Any CPU.ActiveCfg = Release|Any CPU
		{4870728F-151A-4D1A-A7BB-27038AF1C5FF}.Release|Any CPU.Build.0 = Release|Any CPU
		{4870728F-151A-4D1A-A7BB-27038AF1C5FF}.Release|x64.ActiveCfg = Release|Any CPU
		{4870728F-151A-4D1A-A7BB-27038AF1C5FF}.Release|x64.Build.0 = Release|Any CPU
		{4870728F-151A-4D1A-A7BB-27038AF1C5FF}.Release|x86.ActiveCfg = Release|Any CPU
		{4870728F-151A-4D1A-A7BB-27038AF1C5FF}.Release|x86.Build.0 = Release|Any CPU
		{A1D7A1B2-F1D3-4E7D-96E0-43D9DB7FD053}.Debug|Any CPU.ActiveCfg = Debug|Any CPU
		{A1D7A1B2-F1D3-4E7D-96E0-43D9DB7FD053}.Debug|Any CPU.Build.0 = Debug|Any CPU
		{A1D7A1B2-F1D3-4E7D-96E0-43D9DB7FD053}.Debug|x64.ActiveCfg = Debug|Any CPU
		{A1D7A1B2-F1D3-4E7D-96E0-43D9DB7FD053}.Debug|x64.Build.0 = Debug|Any CPU
		{A1D7A1B2-F1D3-4E7D-96E0-43D9DB7FD053}.Debug|x86.ActiveCfg = Debug|Any CPU
		{A1D7A1B2-F1D3-4E7D-96E0-43D9DB7FD053}.Debug|x86.Build.0 = Debug|Any CPU
		{A1D7A1B2-F1D3-4E7D-96E0-43D9DB7FD053}.Release|Any CPU.ActiveCfg = Release|Any CPU
		{A1D7A1B2-F1D3-4E7D-96E0-43D9DB7FD053}.Release|Any CPU.Build.0 = Release|Any CPU
		{A1D7A1B2-F1D3-4E7D-96E0-43D9DB7FD053}.Release|x64.ActiveCfg = Release|Any CPU
		{A1D7A1B2-F1D3-4E7D-96E0-43D9DB7FD053}.Release|x64.Build.0 = Release|Any CPU
		{A1D7A1B2-F1D3-4E7D-96E0-43D9DB7FD053}.Release|x86.ActiveCfg = Release|Any CPU
		{A1D7A1B2-F1D3-4E7D-96E0-43D9DB7FD053}.Release|x86.Build.0 = Release|Any CPU
		{5C308655-E614-4199-AA6F-27D09221599E}.Debug|Any CPU.ActiveCfg = Debug|Any CPU
		{5C308655-E614-4199-AA6F-27D09221599E}.Debug|Any CPU.Build.0 = Debug|Any CPU
		{5C308655-E614-4199-AA6F-27D09221599E}.Debug|x64.ActiveCfg = Debug|Any CPU
		{5C308655-E614-4199-AA6F-27D09221599E}.Debug|x64.Build.0 = Debug|Any CPU
		{5C308655-E614-4199-AA6F-27D09221599E}.Debug|x86.ActiveCfg = Debug|Any CPU
		{5C308655-E614-4199-AA6F-27D09221599E}.Debug|x86.Build.0 = Debug|Any CPU
		{5C308655-E614-4199-AA6F-27D09221599E}.Release|Any CPU.ActiveCfg = Release|Any CPU
		{5C308655-E614-4199-AA6F-27D09221599E}.Release|Any CPU.Build.0 = Release|Any CPU
		{5C308655-E614-4199-AA6F-27D09221599E}.Release|x64.ActiveCfg = Release|Any CPU
		{5C308655-E614-4199-AA6F-27D09221599E}.Release|x64.Build.0 = Release|Any CPU
		{5C308655-E614-4199-AA6F-27D09221599E}.Release|x86.ActiveCfg = Release|Any CPU
		{5C308655-E614-4199-AA6F-27D09221599E}.Release|x86.Build.0 = Release|Any CPU
		{C13E0BB2-1B5E-40E9-8950-F843693DBB07}.Debug|Any CPU.ActiveCfg = Debug|Any CPU
		{C13E0BB2-1B5E-40E9-8950-F843693DBB07}.Debug|Any CPU.Build.0 = Debug|Any CPU
		{C13E0BB2-1B5E-40E9-8950-F843693DBB07}.Debug|x64.ActiveCfg = Debug|Any CPU
		{C13E0BB2-1B5E-40E9-8950-F843693DBB07}.Debug|x64.Build.0 = Debug|Any CPU
		{C13E0BB2-1B5E-40E9-8950-F843693DBB07}.Debug|x86.ActiveCfg = Debug|Any CPU
		{C13E0BB2-1B5E-40E9-8950-F843693DBB07}.Debug|x86.Build.0 = Debug|Any CPU
		{C13E0BB2-1B5E-40E9-8950-F843693DBB07}.Release|Any CPU.ActiveCfg = Release|Any CPU
		{C13E0BB2-1B5E-40E9-8950-F843693DBB07}.Release|Any CPU.Build.0 = Release|Any CPU
		{C13E0BB2-1B5E-40E9-8950-F843693DBB07}.Release|x64.ActiveCfg = Release|Any CPU
		{C13E0BB2-1B5E-40E9-8950-F843693DBB07}.Release|x64.Build.0 = Release|Any CPU
		{C13E0BB2-1B5E-40E9-8950-F843693DBB07}.Release|x86.ActiveCfg = Release|Any CPU
		{C13E0BB2-1B5E-40E9-8950-F843693DBB07}.Release|x86.Build.0 = Release|Any CPU
		{C477119A-BB41-464C-BA99-C8F42DE2BC81}.Debug|Any CPU.ActiveCfg = Debug|Any CPU
		{C477119A-BB41-464C-BA99-C8F42DE2BC81}.Debug|Any CPU.Build.0 = Debug|Any CPU
		{C477119A-BB41-464C-BA99-C8F42DE2BC81}.Debug|x64.ActiveCfg = Debug|Any CPU
		{C477119A-BB41-464C-BA99-C8F42DE2BC81}.Debug|x64.Build.0 = Debug|Any CPU
		{C477119A-BB41-464C-BA99-C8F42DE2BC81}.Debug|x86.ActiveCfg = Debug|Any CPU
		{C477119A-BB41-464C-BA99-C8F42DE2BC81}.Debug|x86.Build.0 = Debug|Any CPU
		{C477119A-BB41-464C-BA99-C8F42DE2BC81}.Release|Any CPU.ActiveCfg = Release|Any CPU
		{C477119A-BB41-464C-BA99-C8F42DE2BC81}.Release|Any CPU.Build.0 = Release|Any CPU
		{C477119A-BB41-464C-BA99-C8F42DE2BC81}.Release|x64.ActiveCfg = Release|Any CPU
		{C477119A-BB41-464C-BA99-C8F42DE2BC81}.Release|x64.Build.0 = Release|Any CPU
		{C477119A-BB41-464C-BA99-C8F42DE2BC81}.Release|x86.ActiveCfg = Release|Any CPU
		{C477119A-BB41-464C-BA99-C8F42DE2BC81}.Release|x86.Build.0 = Release|Any CPU
		{E9C4D2BD-818C-4CCD-8338-105467372B5E}.Debug|Any CPU.ActiveCfg = Debug|Any CPU
		{E9C4D2BD-818C-4CCD-8338-105467372B5E}.Debug|Any CPU.Build.0 = Debug|Any CPU
		{E9C4D2BD-818C-4CCD-8338-105467372B5E}.Debug|x64.ActiveCfg = Debug|Any CPU
		{E9C4D2BD-818C-4CCD-8338-105467372B5E}.Debug|x64.Build.0 = Debug|Any CPU
		{E9C4D2BD-818C-4CCD-8338-105467372B5E}.Debug|x86.ActiveCfg = Debug|Any CPU
		{E9C4D2BD-818C-4CCD-8338-105467372B5E}.Debug|x86.Build.0 = Debug|Any CPU
		{E9C4D2BD-818C-4CCD-8338-105467372B5E}.Release|Any CPU.ActiveCfg = Release|Any CPU
		{E9C4D2BD-818C-4CCD-8338-105467372B5E}.Release|Any CPU.Build.0 = Release|Any CPU
		{E9C4D2BD-818C-4CCD-8338-105467372B5E}.Release|x64.ActiveCfg = Release|Any CPU
		{E9C4D2BD-818C-4CCD-8338-105467372B5E}.Release|x64.Build.0 = Release|Any CPU
		{E9C4D2BD-818C-4CCD-8338-105467372B5E}.Release|x86.ActiveCfg = Release|Any CPU
		{E9C4D2BD-818C-4CCD-8338-105467372B5E}.Release|x86.Build.0 = Release|Any CPU
		{15C35680-CCBC-4969-9E5D-13CA8632DB6A}.Debug|Any CPU.ActiveCfg = Debug|Any CPU
		{15C35680-CCBC-4969-9E5D-13CA8632DB6A}.Debug|Any CPU.Build.0 = Debug|Any CPU
		{15C35680-CCBC-4969-9E5D-13CA8632DB6A}.Debug|x64.ActiveCfg = Debug|Any CPU
		{15C35680-CCBC-4969-9E5D-13CA8632DB6A}.Debug|x64.Build.0 = Debug|Any CPU
		{15C35680-CCBC-4969-9E5D-13CA8632DB6A}.Debug|x86.ActiveCfg = Debug|Any CPU
		{15C35680-CCBC-4969-9E5D-13CA8632DB6A}.Debug|x86.Build.0 = Debug|Any CPU
		{15C35680-CCBC-4969-9E5D-13CA8632DB6A}.Release|Any CPU.ActiveCfg = Release|Any CPU
		{15C35680-CCBC-4969-9E5D-13CA8632DB6A}.Release|Any CPU.Build.0 = Release|Any CPU
		{15C35680-CCBC-4969-9E5D-13CA8632DB6A}.Release|x64.ActiveCfg = Release|Any CPU
		{15C35680-CCBC-4969-9E5D-13CA8632DB6A}.Release|x64.Build.0 = Release|Any CPU
		{15C35680-CCBC-4969-9E5D-13CA8632DB6A}.Release|x86.ActiveCfg = Release|Any CPU
		{15C35680-CCBC-4969-9E5D-13CA8632DB6A}.Release|x86.Build.0 = Release|Any CPU
		{541111EC-41EB-4331-BCC6-2CD4FB617147}.Debug|Any CPU.ActiveCfg = Debug|Any CPU
		{541111EC-41EB-4331-BCC6-2CD4FB617147}.Debug|Any CPU.Build.0 = Debug|Any CPU
		{541111EC-41EB-4331-BCC6-2CD4FB617147}.Debug|x64.ActiveCfg = Debug|Any CPU
		{541111EC-41EB-4331-BCC6-2CD4FB617147}.Debug|x64.Build.0 = Debug|Any CPU
		{541111EC-41EB-4331-BCC6-2CD4FB617147}.Debug|x86.ActiveCfg = Debug|Any CPU
		{541111EC-41EB-4331-BCC6-2CD4FB617147}.Debug|x86.Build.0 = Debug|Any CPU
		{541111EC-41EB-4331-BCC6-2CD4FB617147}.Release|Any CPU.ActiveCfg = Release|Any CPU
		{541111EC-41EB-4331-BCC6-2CD4FB617147}.Release|Any CPU.Build.0 = Release|Any CPU
		{541111EC-41EB-4331-BCC6-2CD4FB617147}.Release|x64.ActiveCfg = Release|Any CPU
		{541111EC-41EB-4331-BCC6-2CD4FB617147}.Release|x64.Build.0 = Release|Any CPU
		{541111EC-41EB-4331-BCC6-2CD4FB617147}.Release|x86.ActiveCfg = Release|Any CPU
		{541111EC-41EB-4331-BCC6-2CD4FB617147}.Release|x86.Build.0 = Release|Any CPU
		{EA4A5244-39F1-4914-B339-66A54D6523AB}.Debug|Any CPU.ActiveCfg = Debug|Any CPU
		{EA4A5244-39F1-4914-B339-66A54D6523AB}.Debug|Any CPU.Build.0 = Debug|Any CPU
		{EA4A5244-39F1-4914-B339-66A54D6523AB}.Debug|x64.ActiveCfg = Debug|Any CPU
		{EA4A5244-39F1-4914-B339-66A54D6523AB}.Debug|x64.Build.0 = Debug|Any CPU
		{EA4A5244-39F1-4914-B339-66A54D6523AB}.Debug|x86.ActiveCfg = Debug|Any CPU
		{EA4A5244-39F1-4914-B339-66A54D6523AB}.Debug|x86.Build.0 = Debug|Any CPU
		{EA4A5244-39F1-4914-B339-66A54D6523AB}.Release|Any CPU.ActiveCfg = Release|Any CPU
		{EA4A5244-39F1-4914-B339-66A54D6523AB}.Release|Any CPU.Build.0 = Release|Any CPU
		{EA4A5244-39F1-4914-B339-66A54D6523AB}.Release|x64.ActiveCfg = Release|Any CPU
		{EA4A5244-39F1-4914-B339-66A54D6523AB}.Release|x64.Build.0 = Release|Any CPU
		{EA4A5244-39F1-4914-B339-66A54D6523AB}.Release|x86.ActiveCfg = Release|Any CPU
		{EA4A5244-39F1-4914-B339-66A54D6523AB}.Release|x86.Build.0 = Release|Any CPU
		{2E524724-1CCF-4D2B-B08C-514A92A81794}.Debug|Any CPU.ActiveCfg = Debug|Any CPU
		{2E524724-1CCF-4D2B-B08C-514A92A81794}.Debug|Any CPU.Build.0 = Debug|Any CPU
		{2E524724-1CCF-4D2B-B08C-514A92A81794}.Debug|x64.ActiveCfg = Debug|Any CPU
		{2E524724-1CCF-4D2B-B08C-514A92A81794}.Debug|x64.Build.0 = Debug|Any CPU
		{2E524724-1CCF-4D2B-B08C-514A92A81794}.Debug|x86.ActiveCfg = Debug|Any CPU
		{2E524724-1CCF-4D2B-B08C-514A92A81794}.Debug|x86.Build.0 = Debug|Any CPU
		{2E524724-1CCF-4D2B-B08C-514A92A81794}.Release|Any CPU.ActiveCfg = Release|Any CPU
		{2E524724-1CCF-4D2B-B08C-514A92A81794}.Release|Any CPU.Build.0 = Release|Any CPU
		{2E524724-1CCF-4D2B-B08C-514A92A81794}.Release|x64.ActiveCfg = Release|Any CPU
		{2E524724-1CCF-4D2B-B08C-514A92A81794}.Release|x64.Build.0 = Release|Any CPU
		{2E524724-1CCF-4D2B-B08C-514A92A81794}.Release|x86.ActiveCfg = Release|Any CPU
		{2E524724-1CCF-4D2B-B08C-514A92A81794}.Release|x86.Build.0 = Release|Any CPU
		{FD3CA9B1-FB45-474A-B094-1F5D2BE6E1C1}.Debug|Any CPU.ActiveCfg = Debug|Any CPU
		{FD3CA9B1-FB45-474A-B094-1F5D2BE6E1C1}.Debug|Any CPU.Build.0 = Debug|Any CPU
		{FD3CA9B1-FB45-474A-B094-1F5D2BE6E1C1}.Debug|x64.ActiveCfg = Debug|Any CPU
		{FD3CA9B1-FB45-474A-B094-1F5D2BE6E1C1}.Debug|x64.Build.0 = Debug|Any CPU
		{FD3CA9B1-FB45-474A-B094-1F5D2BE6E1C1}.Debug|x86.ActiveCfg = Debug|Any CPU
		{FD3CA9B1-FB45-474A-B094-1F5D2BE6E1C1}.Debug|x86.Build.0 = Debug|Any CPU
		{FD3CA9B1-FB45-474A-B094-1F5D2BE6E1C1}.Release|Any CPU.ActiveCfg = Release|Any CPU
		{FD3CA9B1-FB45-474A-B094-1F5D2BE6E1C1}.Release|Any CPU.Build.0 = Release|Any CPU
		{FD3CA9B1-FB45-474A-B094-1F5D2BE6E1C1}.Release|x64.ActiveCfg = Release|Any CPU
		{FD3CA9B1-FB45-474A-B094-1F5D2BE6E1C1}.Release|x64.Build.0 = Release|Any CPU
		{FD3CA9B1-FB45-474A-B094-1F5D2BE6E1C1}.Release|x86.ActiveCfg = Release|Any CPU
		{FD3CA9B1-FB45-474A-B094-1F5D2BE6E1C1}.Release|x86.Build.0 = Release|Any CPU
		{7D49BBA7-1B0F-44CE-8472-D29C6FCEF409}.Debug|Any CPU.ActiveCfg = Debug|Any CPU
		{7D49BBA7-1B0F-44CE-8472-D29C6FCEF409}.Debug|Any CPU.Build.0 = Debug|Any CPU
		{7D49BBA7-1B0F-44CE-8472-D29C6FCEF409}.Debug|x64.ActiveCfg = Debug|Any CPU
		{7D49BBA7-1B0F-44CE-8472-D29C6FCEF409}.Debug|x64.Build.0 = Debug|Any CPU
		{7D49BBA7-1B0F-44CE-8472-D29C6FCEF409}.Debug|x86.ActiveCfg = Debug|Any CPU
		{7D49BBA7-1B0F-44CE-8472-D29C6FCEF409}.Debug|x86.Build.0 = Debug|Any CPU
		{7D49BBA7-1B0F-44CE-8472-D29C6FCEF409}.Release|Any CPU.ActiveCfg = Release|Any CPU
		{7D49BBA7-1B0F-44CE-8472-D29C6FCEF409}.Release|Any CPU.Build.0 = Release|Any CPU
		{7D49BBA7-1B0F-44CE-8472-D29C6FCEF409}.Release|x64.ActiveCfg = Release|Any CPU
		{7D49BBA7-1B0F-44CE-8472-D29C6FCEF409}.Release|x64.Build.0 = Release|Any CPU
		{7D49BBA7-1B0F-44CE-8472-D29C6FCEF409}.Release|x86.ActiveCfg = Release|Any CPU
		{7D49BBA7-1B0F-44CE-8472-D29C6FCEF409}.Release|x86.Build.0 = Release|Any CPU
	EndGlobalSection
	GlobalSection(SolutionProperties) = preSolution
		HideSolutionNode = FALSE
	EndGlobalSection
	GlobalSection(NestedProjects) = preSolution
		{00D5FA09-9A52-E7D4-27A8-8813305D18EB} = {5854FF58-B8C5-05C6-5BF2-ACE42193F22B}
		{14C8A95C-44ED-4099-A800-871F96E24149} = {00D5FA09-9A52-E7D4-27A8-8813305D18EB}
		{6B31ADA0-BDBD-441D-BFA7-D2124A688FBE} = {00D5FA09-9A52-E7D4-27A8-8813305D18EB}
		{55B0EE29-950E-4CC0-BD4C-DBF912223432} = {00D5FA09-9A52-E7D4-27A8-8813305D18EB}
		{010EF4FA-4D9C-416C-84F2-E368992B7855} = {00D5FA09-9A52-E7D4-27A8-8813305D18EB}
		{E968773F-A3F0-8B5A-CFB8-BE121AA8E63F} = {5854FF58-B8C5-05C6-5BF2-ACE42193F22B}
		{B89B9700-686C-4CDE-9295-AAF0A318DB1C} = {E968773F-A3F0-8B5A-CFB8-BE121AA8E63F}
		{A7593602-87EE-4F7B-8F7C-344AC2390948} = {E968773F-A3F0-8B5A-CFB8-BE121AA8E63F}
		{71FFC0C5-1D7E-43F7-8E0B-BD9E9756475C} = {E968773F-A3F0-8B5A-CFB8-BE121AA8E63F}
		{FA589D31-E2B9-4213-B622-AD980034AA8B} = {E968773F-A3F0-8B5A-CFB8-BE121AA8E63F}
		{9267D06B-34F6-3113-DEB6-ADBE687415B8} = {5854FF58-B8C5-05C6-5BF2-ACE42193F22B}
		{92527395-18C7-41C7-BED6-7AF8E6057E51} = {9267D06B-34F6-3113-DEB6-ADBE687415B8}
		{53180E58-011C-4FE0-9277-1D2433B7C395} = {9267D06B-34F6-3113-DEB6-ADBE687415B8}
		{61BD31DF-2AD1-4F81-B4C9-675668782290} = {0AB3BF05-4346-4AA6-1389-037BE0695223}
		{DBAA7EA4-EE47-400D-B46A-49ABDAAEB1DC} = {0AB3BF05-4346-4AA6-1389-037BE0695223}
		{ACFBDC0A-E7DD-45CF-A680-FAFE5224DA3A} = {0AB3BF05-4346-4AA6-1389-037BE0695223}
		{8DB96FDF-6546-4C75-80F2-3FE3A06C3FF0} = {0AB3BF05-4346-4AA6-1389-037BE0695223}
		{F253671E-CA9E-4461-8702-38ABFCFBCA58} = {0AB3BF05-4346-4AA6-1389-037BE0695223}
		{4870728F-151A-4D1A-A7BB-27038AF1C5FF} = {0AB3BF05-4346-4AA6-1389-037BE0695223}
		{A1D7A1B2-F1D3-4E7D-96E0-43D9DB7FD053} = {0AB3BF05-4346-4AA6-1389-037BE0695223}
		{C8E42992-5E42-0C2B-DBFE-AA848D06431C} = {827E0CD3-B72D-47B6-A68D-7590B98EB39B}
		{5C308655-E614-4199-AA6F-27D09221599E} = {C8E42992-5E42-0C2B-DBFE-AA848D06431C}
		{C13E0BB2-1B5E-40E9-8950-F843693DBB07} = {C8E42992-5E42-0C2B-DBFE-AA848D06431C}
		{C477119A-BB41-464C-BA99-C8F42DE2BC81} = {C8E42992-5E42-0C2B-DBFE-AA848D06431C}
		{E9C4D2BD-818C-4CCD-8338-105467372B5E} = {0AB3BF05-4346-4AA6-1389-037BE0695223}
		{15C35680-CCBC-4969-9E5D-13CA8632DB6A} = {0AB3BF05-4346-4AA6-1389-037BE0695223}
		{541111EC-41EB-4331-BCC6-2CD4FB617147} = {0AB3BF05-4346-4AA6-1389-037BE0695223}
		{EA4A5244-39F1-4914-B339-66A54D6523AB} = {C8E42992-5E42-0C2B-DBFE-AA848D06431C}
		{2E524724-1CCF-4D2B-B08C-514A92A81794} = {C8E42992-5E42-0C2B-DBFE-AA848D06431C}
		{FD3CA9B1-FB45-474A-B094-1F5D2BE6E1C1} = {0AB3BF05-4346-4AA6-1389-037BE0695223}
		{7D49BBA7-1B0F-44CE-8472-D29C6FCEF409} = {0AB3BF05-4346-4AA6-1389-037BE0695223}
	EndGlobalSection
EndGlobal
